
Microsoft Visual Studio Solution File, Format Version 11.00
# Visual Studio 2010
Project("{FAE04EC0-301F-11D3-BF4B-00C04F79EFBC}") = "Assembly-CSharp", "Assembly-CSharp.csproj", "{AD71F0FD-D3E7-A288-7EDE-9373492A7610}"
EndProject
Global
	GlobalSection(SolutionConfigurationPlatforms) = preSolution
		Debug|Any CPU = Debug|Any CPU
		Release|Any CPU = Release|Any CPU
	EndGlobalSection
	GlobalSection(ProjectConfigurationPlatforms) = postSolution
		{AD71F0FD-D3E7-A288-7EDE-9373492A7610}.Debug|Any CPU.ActiveCfg = Debug|Any CPU
		{AD71F0FD-D3E7-A288-7EDE-9373492A7610}.Debug|Any CPU.Build.0 = Debug|Any CPU
		{AD71F0FD-D3E7-A288-7EDE-9373492A7610}.Release|Any CPU.ActiveCfg = Release|Any CPU
		{AD71F0FD-D3E7-A288-7EDE-9373492A7610}.Release|Any CPU.Build.0 = Release|Any CPU
	EndGlobalSection
	GlobalSection(SolutionProperties) = preSolution
		HideSolutionNode = FALSE
	EndGlobalSection
EndGlobal
